<?xml version="1.0" encoding="UTF-8" standalone="yes" ?>
<CodeBlocks_project_file>
	<FileVersion major="1" minor="6" />
	<Project>
		<Option title="Digger" />
		<Option pch_mode="2" />
		<Option compiler="gcc" />
		<Build>
			<Target title="Debug">
				<Option output="bin/Debug/Digger" prefix_auto="1" extension_auto="1" />
				<Option object_output="obj/Debug/" />
				<Option type="1" />
				<Option compiler="gcc" />
				<Compiler>
					<Add option="-g" />
				</Compiler>
			</Target>
			<Target title="Release">
				<Option output="bin/Release/Digger" prefix_auto="1" extension_auto="1" />
				<Option object_output="obj/Release/" />
				<Option type="1" />
				<Option compiler="gcc" />
				<Compiler>
					<Add option="-O2" />
				</Compiler>
				<Linker>
					<Add option="-s" />
				</Linker>
			</Target>
		</Build>
		<Compiler>
			<Add option="-Wall" />
			<Add directory="src" />
			<Add directory="include" />
		</Compiler>
		<Linker>
			<Add option="-lSDL" />
		</Linker>
		<Unit filename="include/Item.h" />
		<Unit filename="include/Menu.h" />
		<Unit filename="include/Mode.h" />
		<Unit filename="include/Niveau.h" />
		<Unit filename="include/Option.h" />
		<Unit filename="include/Partie.h" />
		<Unit filename="include/Personnage.h" />
		<Unit filename="include/Profil.h" />
		<Unit filename="include/Record.h" />
		<Unit filename="include/Sauvegarde.h" />
		<Unit filename="include/Score.h" />
		<Unit filename="src/Item.c">
			<Option compilerVar="CC" />
		</Unit>
		<Unit filename="src/Menu.c">
			<Option compilerVar="CC" />
		</Unit>
		<Unit filename="src/Mode.c">
			<Option compilerVar="CC" />
		</Unit>
		<Unit filename="src/Niveau.c">
			<Option compilerVar="CC" />
		</Unit>
		<Unit filename="src/Option.c">
			<Option compilerVar="CC" />
		</Unit>
		<Unit filename="src/Partie.c">
			<Option compilerVar="CC" />
		</Unit>
		<Unit filename="src/Personnage.c">
			<Option compilerVar="CC" />
		</Unit>
		<Unit filename="src/Profil.c">
			<Option compilerVar="CC" />
		</Unit>
		<Unit filename="src/Record.c">
			<Option compilerVar="CC" />
		</Unit>
		<Unit filename="src/Sauvegarde.c">
			<Option compilerVar="CC" />
		</Unit>
		<Unit filename="src/Score.c">
			<Option compilerVar="CC" />
		</Unit>
		<Unit filename="src/main.c">
			<Option compilerVar="CC" />
		</Unit>
		<Extensions>
			<code_completion />
			<debugger />
			<envvars />
		</Extensions>
	</Project>
</CodeBlocks_project_file>
